
Microsoft Visual Studio Solution File, Format Version 12.00
# Visual Studio Version 16
VisualStudioVersion = 16.0.29806.167
MinimumVisualStudioVersion = 10.0.40219.1
Project("{FAE04EC0-301F-11D3-BF4B-00C04F79EFBC}") = "AnreshTaskWeb", "AnreshTaskWeb\AnreshTaskWeb.csproj", "{8404434A-5AA2-4019-AF56-A5BB27FB2CCB}"
EndProject
Project("{FAE04EC0-301F-11D3-BF4B-00C04F79EFBC}") = "DataAccess", "DataAccess\DataAccess.csproj", "{69D857A0-066B-461F-9693-98CDC76194DF}"
EndProject
Global
	GlobalSection(SolutionConfigurationPlatforms) = preSolution
		Debug|Any CPU = Debug|Any CPU
		Release|Any CPU = Release|Any CPU
	EndGlobalSection
	GlobalSection(ProjectConfigurationPlatforms) = postSolution
		{8404434A-5AA2-4019-AF56-A5BB27FB2CCB}.Debug|Any CPU.ActiveCfg = Debug|Any CPU
		{8404434A-5AA2-4019-AF56-A5BB27FB2CCB}.Debug|Any CPU.Build.0 = Debug|Any CPU
		{8404434A-5AA2-4019-AF56-A5BB27FB2CCB}.Release|Any CPU.ActiveCfg = Release|Any CPU
		{8404434A-5AA2-4019-AF56-A5BB27FB2CCB}.Release|Any CPU.Build.0 = Release|Any CPU
		{69D857A0-066B-461F-9693-98CDC76194DF}.Debug|Any CPU.ActiveCfg = Debug|Any CPU
		{69D857A0-066B-461F-9693-98CDC76194DF}.Debug|Any CPU.Build.0 = Debug|Any CPU
		{69D857A0-066B-461F-9693-98CDC76194DF}.Release|Any CPU.ActiveCfg = Release|Any CPU
		{69D857A0-066B-461F-9693-98CDC76194DF}.Release|Any CPU.Build.0 = Release|Any CPU
	EndGlobalSection
	GlobalSection(SolutionProperties) = preSolution
		HideSolutionNode = FALSE
	EndGlobalSection
	GlobalSection(ExtensibilityGlobals) = postSolution
		SolutionGuid = {032F7F9D-DB33-4295-96F1-F88DA5F4F41D}
	EndGlobalSection
EndGlobal
